
Microsoft Visual Studio Solution File, Format Version 12.00
# Visual Studio 2013
VisualStudioVersion = 12.0.40418.0
MinimumVisualStudioVersion = 10.0.40219.1
Project("{FAE04EC0-301F-11D3-BF4B-00C04F79EFBC}") = "Application.WebApi", "Application.WebApi\Application.WebApi.csproj", "{A7B13F5A-4A2C-48AB-8F74-744251D581C8}"
EndProject
Project("{FAE04EC0-301F-11D3-BF4B-00C04F79EFBC}") = "Application.Service", "Application.Service\Application.Service.csproj", "{0A162DBC-4DB7-481D-AFC1-C0E2541A6246}"
EndProject
Project("{FAE04EC0-301F-11D3-BF4B-00C04F79EFBC}") = "Application.Data", "Application.Data\Application.Data.csproj", "{54888698-A19A-4AC4-9CEB-734A3FFB47F7}"
EndProject
Global
	GlobalSection(SolutionConfigurationPlatforms) = preSolution
		Debug|Any CPU = Debug|Any CPU
		Release|Any CPU = Release|Any CPU
	EndGlobalSection
	GlobalSection(ProjectConfigurationPlatforms) = postSolution
		{A7B13F5A-4A2C-48AB-8F74-744251D581C8}.Debug|Any CPU.ActiveCfg = Debug|Any CPU
		{A7B13F5A-4A2C-48AB-8F74-744251D581C8}.Debug|Any CPU.Build.0 = Debug|Any CPU
		{A7B13F5A-4A2C-48AB-8F74-744251D581C8}.Release|Any CPU.ActiveCfg = Release|Any CPU
		{A7B13F5A-4A2C-48AB-8F74-744251D581C8}.Release|Any CPU.Build.0 = Release|Any CPU
		{0A162DBC-4DB7-481D-AFC1-C0E2541A6246}.Debug|Any CPU.ActiveCfg = Debug|Any CPU
		{0A162DBC-4DB7-481D-AFC1-C0E2541A6246}.Debug|Any CPU.Build.0 = Debug|Any CPU
		{0A162DBC-4DB7-481D-AFC1-C0E2541A6246}.Release|Any CPU.ActiveCfg = Release|Any CPU
		{0A162DBC-4DB7-481D-AFC1-C0E2541A6246}.Release|Any CPU.Build.0 = Release|Any CPU
		{54888698-A19A-4AC4-9CEB-734A3FFB47F7}.Debug|Any CPU.ActiveCfg = Debug|Any CPU
		{54888698-A19A-4AC4-9CEB-734A3FFB47F7}.Debug|Any CPU.Build.0 = Debug|Any CPU
		{54888698-A19A-4AC4-9CEB-734A3FFB47F7}.Release|Any CPU.ActiveCfg = Release|Any CPU
		{54888698-A19A-4AC4-9CEB-734A3FFB47F7}.Release|Any CPU.Build.0 = Release|Any CPU
	EndGlobalSection
	GlobalSection(SolutionProperties) = preSolution
		HideSolutionNode = FALSE
	EndGlobalSection
EndGlobal
